
Microsoft Visual Studio Solution File, Format Version 12.00
# Visual Studio Version 17
VisualStudioVersion = 17.14.36121.58
MinimumVisualStudioVersion = 10.0.40219.1
Project("{FAE04EC0-301F-11D3-BF4B-00C04F79EFBC}") = "ProjetoFinalBackend", "ProjetoFinalBackend.csproj", "{C69ADC65-98D5-4926-8E13-345669D34847}"
EndProject
Global
	GlobalSection(SolutionConfigurationPlatforms) = preSolution
		Debug|Any CPU = Debug|Any CPU
		Release|Any CPU = Release|Any CPU
	EndGlobalSection
	GlobalSection(ProjectConfigurationPlatforms) = postSolution
		{C69ADC65-98D5-4926-8E13-345669D34847}.Debug|Any CPU.ActiveCfg = Debug|Any CPU
		{C69ADC65-98D5-4926-8E13-345669D34847}.Debug|Any CPU.Build.0 = Debug|Any CPU
		{C69ADC65-98D5-4926-8E13-345669D34847}.Release|Any CPU.ActiveCfg = Release|Any CPU
		{C69ADC65-98D5-4926-8E13-345669D34847}.Release|Any CPU.Build.0 = Release|Any CPU
	EndGlobalSection
	GlobalSection(SolutionProperties) = preSolution
		HideSolutionNode = FALSE
	EndGlobalSection
	GlobalSection(ExtensibilityGlobals) = postSolution
		SolutionGuid = {CD960138-3AD8-4973-B79C-9A8F377BF29F}
	EndGlobalSection
EndGlobal
